
Microsoft Visual Studio Solution File, Format Version 12.00
# Visual Studio Version 16
VisualStudioVersion = 16.0.29519.181
MinimumVisualStudioVersion = 10.0.40219.1
Project("{FAE04EC0-301F-11D3-BF4B-00C04F79EFBC}") = "SeleniumRadioButton", "SeleniumRadioButton\SeleniumRadioButton.csproj", "{07F0A4F7-A10C-4DC5-AB1F-E7060FF29563}"
EndProject
Global
	GlobalSection(SolutionConfigurationPlatforms) = preSolution
		Debug|Any CPU = Debug|Any CPU
		Release|Any CPU = Release|Any CPU
	EndGlobalSection
	GlobalSection(ProjectConfigurationPlatforms) = postSolution
		{07F0A4F7-A10C-4DC5-AB1F-E7060FF29563}.Debug|Any CPU.ActiveCfg = Debug|Any CPU
		{07F0A4F7-A10C-4DC5-AB1F-E7060FF29563}.Debug|Any CPU.Build.0 = Debug|Any CPU
		{07F0A4F7-A10C-4DC5-AB1F-E7060FF29563}.Release|Any CPU.ActiveCfg = Release|Any CPU
		{07F0A4F7-A10C-4DC5-AB1F-E7060FF29563}.Release|Any CPU.Build.0 = Release|Any CPU
	EndGlobalSection
	GlobalSection(SolutionProperties) = preSolution
		HideSolutionNode = FALSE
	EndGlobalSection
	GlobalSection(ExtensibilityGlobals) = postSolution
		SolutionGuid = {6E7FD78B-6B3D-489E-841C-362A47B7E867}
	EndGlobalSection
EndGlobal
